// !$*UTF8*$!
{
	archiveVersion = 1;
	classes = {
	};
	objectVersion = 46;
	objects = {

/* Begin PBXBuildFile section */
		301FB6F21E921EDA0051A4C2 /* AppDelegate.swift in Sources */ = {isa = PBXBuildFile; fileRef = 301FB6F11E921EDA0051A4C2 /* AppDelegate.swift */; };
		301FB6F41E921EDA0051A4C2 /* ViewController.swift in Sources */ = {isa = PBXBuildFile; fileRef = 301FB6F31E921EDA0051A4C2 /* ViewController.swift */; };
		301FB6F71E921EDA0051A4C2 /* Main.storyboard in Resources */ = {isa = PBXBuildFile; fileRef = 301FB6F51E921EDA0051A4C2 /* Main.storyboard */; };
		301FB6F91E921EDA0051A4C2 /* Assets.xcassets in Resources */ = {isa = PBXBuildFile; fileRef = 301FB6F81E921EDA0051A4C2 /* Assets.xcassets */; };
		301FB6FC1E921EDA0051A4C2 /* LaunchScreen.storyboard in Resources */ = {isa = PBXBuildFile; fileRef = 301FB6FA1E921EDA0051A4C2 /* LaunchScreen.storyboard */; };
		301FB7041E921F4A0051A4C2 /* apple.png in Resources */ = {isa = PBXBuildFile; fileRef = 301FB7031E921F4A0051A4C2 /* apple.png */; };
/* End PBXBuildFile section */

/* Begin PBXFileReference section */
		301FB6EE1E921EDA0051A4C2 /* ShareAppDemoSwift.app */ = {isa = PBXFileReference; explicitFileType = wrapper.application; includeInIndex = 0; path = ShareAppDemoSwift.app; sourceTree = BUILT_PRODUCTS_DIR; };
		301FB6F11E921EDA0051A4C2 /* AppDelegate.swift */ = {isa = PBXFileReference; lastKnownFileType = sourcecode.swift; path = AppDelegate.swift; sourceTree = "<group>"; };
		301FB6F31E921EDA0051A4C2 /* ViewController.swift */ = {isa = PBXFileReference; lastKnownFileType = sourcecode.swift; path = ViewController.swift; sourceTree = "<group>"; };
		301FB6F61E921EDA0051A4C2 /* Base */ = {isa = PBXFileReference; lastKnownFileType = file.storyboard; name = Base; path = Base.lproj/Main.storyboard; sourceTree = "<group>"; };
		301FB6F81E921EDA0051A4C2 /* Assets.xcassets */ = {isa = PBXFileReference; lastKnownFileType = folder.assetcatalog; path = Assets.xcassets; sourceTree = "<group>"; };
		301FB6FB1E921EDA0051A4C2 /* Base */ = {isa = PBXFileReference; lastKnownFileType = file.storyboard; name = Base; path = Base.lproj/LaunchScreen.storyboard; sourceTree = "<group>"; };
		301FB6FD1E921EDA0051A4C2 /* Info.plist */ = {isa = PBXFileReference; lastKnownFileType = text.plist.xml; path = Info.plist; sourceTree = "<group>"; };
		301FB7031E921F4A0051A4C2 /* apple.png */ = {isa = PBXFileReference; lastKnownFileType = image.png; path = apple.png; sourceTree = "<group>"; };
/* End PBXFileReference section */

/* Begin PBXFrameworksBuildPhase section */
		301FB6EB1E921EDA0051A4C2 /* Frameworks */ = {
			isa = PBXFrameworksBuildPhase;
			buildActionMask = 2147483647;
			files = (
			);
			runOnlyForDeploymentPostprocessing = 0;
		};
/* End PBXFrameworksBuildPhase section */

/* Begin PBXGroup section */
		301FB6E51E921EDA0051A4C2 = {
			isa = PBXGroup;
			children = (
				301FB6F01E921EDA0051A4C2 /* ShareAppDemoSwift */,
				301FB6EF1E921EDA0051A4C2 /* Products */,
			);
			sourceTree = "<group>";
		};
		301FB6EF1E921EDA0051A4C2 /* Products */ = {
			isa = PBXGroup;
			children = (
				301FB6EE1E921EDA0051A4C2 /* ShareAppDemoSwift.app */,
			);
			name = Products;
			sourceTree = "<group>";
		};
		301FB6F01E921EDA0051A4C2 /* ShareAppDemoSwift */ = {
			isa = PBXGroup;
			children = (
				301FB6F11E921EDA0051A4C2 /* AppDelegate.swift */,
				301FB6F31E921EDA0051A4C2 /* ViewController.swift */,
				301FB7031E921F4A0051A4C2 /* apple.png */,
				301FB6F51E921EDA0051A4C2 /* Main.storyboard */,
				301FB6F81E921EDA0051A4C2 /* Assets.xcassets */,
				301FB6FA1E921EDA0051A4C2 /* LaunchScreen.storyboard */,
				301FB6FD1E921EDA0051A4C2 /* Info.plist */,
			);
			path = ShareAppDemoSwift;
			sourceTree = "<group>";
		};
/* End PBXGroup section */

/* Begin PBXNativeTarget section */
		301FB6ED1E921EDA0051A4C2 /* ShareAppDemoSwift */ = {
			isa = PBXNativeTarget;
			buildConfigurationList = 301FB7001E921EDA0051A4C2 /* Build configuration list for PBXNativeTarget "ShareAppDemoSwift" */;
			buildPhases = (
				301FB6EA1E921EDA0051A4C2 /* Sources */,
				301FB6EB1E921EDA0051A4C2 /* Frameworks */,
				301FB6EC1E921EDA0051A4C2 /* Resources */,
			);
			buildRules = (
			);
			dependencies = (
			);
			name = ShareAppDemoSwift;
			productName = ShareAppDemoSwift;
			productReference = 301FB6EE1E921EDA0051A4C2 /* ShareAppDemoSwift.app */;
			productType = "com.apple.product-type.application";
		};
/* End PBXNativeTarget section */

/* Begin PBXProject section */
		301FB6E61E921EDA0051A4C2 /* Project object */ = {
			isa = PBXProject;
			attributes = {
				LastSwiftUpdateCheck = 0830;
				LastUpgradeCheck = 0830;
				ORGANIZATIONNAME = SOTSYS113;
				TargetAttributes = {
					301FB6ED1E921EDA0051A4C2 = {
						CreatedOnToolsVersion = 8.3;
						DevelopmentTeam = NE4EL665R3;
						ProvisioningStyle = Manual;
					};
				};
			};
			buildConfigurationList = 301FB6E91E921EDA0051A4C2 /* Build configuration list for PBXProject "ShareAppDemoSwift" */;
			compatibilityVersion = "Xcode 3.2";
			developmentRegion = English;
			hasScannedForEncodings = 0;
			knownRegions = (
				en,
				Base,
			);
			mainGroup = 301FB6E51E921EDA0051A4C2;
			productRefGroup = 301FB6EF1E921EDA0051A4C2 /* Products */;
			projectDirPath = "";
			projectRoot = "";
			targets = (
				301FB6ED1E921EDA0051A4C2 /* ShareAppDemoSwift */,
			);
		};
/* End PBXProject section */

/* Begin PBXResourcesBuildPhase section */
		301FB6EC1E921EDA0051A4C2 /* Resources */ = {
			isa = PBXResourcesBuildPhase;
			buildActionMask = 2147483647;
			files = (
				301FB6FC1E921EDA0051A4C2 /* LaunchScreen.storyboard in Resources */,
				301FB6F91E921EDA0051A4C2 /* Assets.xcassets in Resources */,
				301FB7041E921F4A0051A4C2 /* apple.png in Resources */,
				301FB6F71E921EDA0051A4C2 /* Main.storyboard in Resources */,
			);
			runOnlyForDeploymentPostprocessing = 0;
		};
/* End PBXResourcesBuildPhase section */

/* Begin PBXSourcesBuildPhase section */
		301FB6EA1E921EDA0051A4C2 /* Sources */ = {
			isa = PBXSourcesBuildPhase;
			buildActionMask = 2147483647;
			files = (
				301FB6F41E921EDA0051A4C2 /* ViewController.swift in Sources */,
				301FB6F21E921EDA0051A4C2 /* AppDelegate.swift in Sources */,
			);
			runOnlyForDeploymentPostprocessing = 0;
		};
/* End PBXSourcesBuildPhase section */

/* Begin PBXVariantGroup section */
		301FB6F51E921EDA0051A4C2 /* Main.storyboard */ = {
			isa = PBXVariantGroup;
			children = (
				301FB6F61E921EDA0051A4C2 /* Base */,
			);
			name = Main.storyboard;
			sourceTree = "<group>";
		};
		301FB6FA1E921EDA0051A4C2 /* LaunchScreen.storyboard */ = {
			isa = PBXVariantGroup;
			children = (
				301FB6FB1E921EDA0051A4C2 /* Base */,
			);
			name = LaunchScreen.storyboard;
			sourceTree = "<group>";
		};
/* End PBXVariantGroup section */

/* Begin XCBuildConfiguration section */
		301FB6FE1E921EDA0051A4C2 /* Debug */ = {
			isa = XCBuildConfiguration;
			buildSettings = {
				ALWAYS_SEARCH_USER_PATHS = NO;
				CLANG_ANALYZER_NONNULL = YES;
				CLANG_ANALYZER_NUMBER_OBJECT_CONVERSION = YES_AGGRESSIVE;
				CLANG_CXX_LANGUAGE_STANDARD = "gnu++0x";
				CLANG_CXX_LIBRARY = "libc++";
				CLANG_ENABLE_MODULES = YES;
				CLANG_ENABLE_OBJC_ARC = YES;
				CLANG_WARN_BOOL_CONVERSION = YES;
				CLANG_WARN_CONSTANT_CONVERSION = YES;
				CLANG_WARN_DIRECT_OBJC_ISA_USAGE = YES_ERROR;
				CLANG_WARN_DOCUMENTATION_COMMENTS = YES;
				CLANG_WARN_EMPTY_BODY = YES;
				CLANG_WARN_ENUM_CONVERSION = YES;
				CLANG_WARN_INFINITE_RECURSION = YES;
				CLANG_WARN_INT_CONVERSION = YES;
				CLANG_WARN_OBJC_ROOT_CLASS = YES_ERROR;
				CLANG_WARN_SUSPICIOUS_MOVE = YES;
				CLANG_WARN_UNREACHABLE_CODE = YES;
				CLANG_WARN__DUPLICATE_METHOD_MATCH = YES;
				"CODE_SIGN_IDENTITY[sdk=iphoneos*]" = "iPhone Developer";
				COPY_PHASE_STRIP = NO;
				DEBUG_INFORMATION_FORMAT = dwarf;
				ENABLE_STRICT_OBJC_MSGSEND = YES;
				ENABLE_TESTABILITY = YES;
				GCC_C_LANGUAGE_STANDARD = gnu99;
				GCC_DYNAMIC_NO_PIC = NO;
				GCC_NO_COMMON_BLOCKS = YES;
				GCC_OPTIMIZATION_LEVEL = 0;
				GCC_PREPROCESSOR_DEFINITIONS = (
					"DEBUG=1",
					"$(inherited)",
				);
				GCC_WARN_64_TO_32_BIT_CONVERSION = YES;
				GCC_WARN_ABOUT_RETURN_TYPE = YES_ERROR;
				GCC_WARN_UNDECLARED_SELECTOR = YES;
				GCC_WARN_UNINITIALIZED_AUTOS = YES_AGGRESSIVE;
				GCC_WARN_UNUSED_FUNCTION = YES;
				GCC_WARN_UNUSED_VARIABLE = YES;
				IPHONEOS_DEPLOYMENT_TARGET = 10.3;
				MTL_ENABLE_DEBUG_INFO = YES;
				ONLY_ACTIVE_ARCH = YES;
				SDKROOT = iphoneos;
				SWIFT_ACTIVE_COMPILATION_CONDITIONS = DEBUG;
				SWIFT_OPTIMIZATION_LEVEL = "-Onone";
			};
			name = Debug;
		};
		301FB6FF1E921EDA0051A4C2 /* Release */ = {
			isa = XCBuildConfiguration;
			buildSettings = {
				ALWAYS_SEARCH_USER_PATHS = NO;
				CLANG_ANALYZER_NONNULL = YES;
				CLANG_ANALYZER_NUMBER_OBJECT_CONVERSION = YES_AGGRESSIVE;
				CLANG_CXX_LANGUAGE_STANDARD = "gnu++0x";
				CLANG_CXX_LIBRARY = "libc++";
				CLANG_ENABLE_MODULES = YES;
				CLANG_ENABLE_OBJC_ARC = YES;
				CLANG_WARN_BOOL_CONVERSION = YES;
				CLANG_WARN_CONSTANT_CONVERSION = YES;
				CLANG_WARN_DIRECT_OBJC_ISA_USAGE = YES_ERROR;
				CLANG_WARN_DOCUMENTATION_COMMENTS = YES;
				CLANG_WARN_EMPTY_BODY = YES;
				CLANG_WARN_ENUM_CONVERSION = YES;
				CLANG_WARN_INFINITE_RECURSION = YES;
				CLANG_WARN_INT_CONVERSION = YES;
				CLANG_WARN_OBJC_ROOT_CLASS = YES_ERROR;
				CLANG_WARN_SUSPICIOUS_MOVE = YES;
				CLANG_WARN_UNREACHABLE_CODE = YES;
				CLANG_WARN__DUPLICATE_METHOD_MATCH = YES;
				"CODE_SIGN_IDENTITY[sdk=iphoneos*]" = "iPhone Developer";
				COPY_PHASE_STRIP = NO;
				DEBUG_INFORMATION_FORMAT = "dwarf-with-dsym";
				ENABLE_NS_ASSERTIONS = NO;
				ENABLE_STRICT_OBJC_MSGSEND = YES;
				GCC_C_LANGUAGE_STANDARD = gnu99;
				GCC_NO_COMMON_BLOCKS = YES;
				GCC_WARN_64_TO_32_BIT_CONVERSION = YES;
				GCC_WARN_ABOUT_RETURN_TYPE = YES_ERROR;
				GCC_WARN_UNDECLARED_SELECTOR = YES;
				GCC_WARN_UNINITIALIZED_AUTOS = YES_AGGRESSIVE;
				GCC_WARN_UNUSED_FUNCTION = YES;
				GCC_WARN_UNUSED_VARIABLE = YES;
				IPHONEOS_DEPLOYMENT_TARGET = 10.3;
				MTL_ENABLE_DEBUG_INFO = NO;
				SDKROOT = iphoneos;
				SWIFT_OPTIMIZATION_LEVEL = "-Owholemodule";
				VALIDATE_PRODUCT = YES;
			};
			name = Release;
		};
		301FB7011E921EDA0051A4C2 /* Debug */ = {
			isa = XCBuildConfiguration;
			buildSettings = {
				ASSETCATALOG_COMPILER_APPICON_NAME = AppIcon;
				DEVELOPMENT_TEAM = NE4EL665R3;
				INFOPLIST_FILE = ShareAppDemoSwift/Info.plist;
				LD_RUNPATH_SEARCH_PATHS = "$(inherited) @executable_path/Frameworks";
				PRODUCT_BUNDLE_IDENTIFIER = com.xyz.ShareAppDemoSwift;
				PRODUCT_NAME = "$(TARGET_NAME)";
				PROVISIONING_PROFILE = "ed2aac7f-27d3-4f15-8125-6e96f893772b";
				PROVISIONING_PROFILE_SPECIFIER = "Wildcard Infocom Development";
				SWIFT_VERSION = 3.0;
			};
			name = Debug;
		};
		301FB7021E921EDA0051A4C2 /* Release */ = {
			isa = XCBuildConfiguration;
			buildSettings = {
				ASSETCATALOG_COMPILER_APPICON_NAME = AppIcon;
				DEVELOPMENT_TEAM = NE4EL665R3;
				INFOPLIST_FILE = ShareAppDemoSwift/Info.plist;
				LD_RUNPATH_SEARCH_PATHS = "$(inherited) @executable_path/Frameworks";
				PRODUCT_BUNDLE_IDENTIFIER = com.xyz.ShareAppDemoSwift;
				PRODUCT_NAME = "$(TARGET_NAME)";
				PROVISIONING_PROFILE = "ed2aac7f-27d3-4f15-8125-6e96f893772b";
				PROVISIONING_PROFILE_SPECIFIER = "Wildcard Infocom Development";
				SWIFT_VERSION = 3.0;
			};
			name = Release;
		};
/* End XCBuildConfiguration section */

/* Begin XCConfigurationList section */
		301FB6E91E921EDA0051A4C2 /* Build configuration list for PBXProject "ShareAppDemoSwift" */ = {
			isa = XCConfigurationList;
			buildConfigurations = (
				301FB6FE1E921EDA0051A4C2 /* Debug */,
				301FB6FF1E921EDA0051A4C2 /* Release */,
			);
			defaultConfigurationIsVisible = 0;
			defaultConfigurationName = Release;
		};
		301FB7001E921EDA0051A4C2 /* Build configuration list for PBXNativeTarget "ShareAppDemoSwift" */ = {
			isa = XCConfigurationList;
			buildConfigurations = (
				301FB7011E921EDA0051A4C2 /* Debug */,
				301FB7021E921EDA0051A4C2 /* Release */,
			);
			defaultConfigurationIsVisible = 0;
		};
/* End XCConfigurationList section */
	};
	rootObject = 301FB6E61E921EDA0051A4C2 /* Project object */;
}
